
Microsoft Visual Studio Solution File, Format Version 12.00
# Visual Studio Version 16
VisualStudioVersion = 16.0.29709.97
MinimumVisualStudioVersion = 10.0.40219.1
Project("{FAE04EC0-301F-11D3-BF4B-00C04F79EFBC}") = "Midi2IWMGUI", "Midi2IWMGUI\Midi2IWMGUI.csproj", "{584559C8-D1D7-4453-852A-520E77A70D8E}"
EndProject
Global
	GlobalSection(SolutionConfigurationPlatforms) = preSolution
		Debug|Any CPU = Debug|Any CPU
		Release|Any CPU = Release|Any CPU
	EndGlobalSection
	GlobalSection(ProjectConfigurationPlatforms) = postSolution
		{584559C8-D1D7-4453-852A-520E77A70D8E}.Debug|Any CPU.ActiveCfg = Debug|Any CPU
		{584559C8-D1D7-4453-852A-520E77A70D8E}.Debug|Any CPU.Build.0 = Debug|Any CPU
		{584559C8-D1D7-4453-852A-520E77A70D8E}.Release|Any CPU.ActiveCfg = Release|Any CPU
		{584559C8-D1D7-4453-852A-520E77A70D8E}.Release|Any CPU.Build.0 = Release|Any CPU
	EndGlobalSection
	GlobalSection(SolutionProperties) = preSolution
		HideSolutionNode = FALSE
	EndGlobalSection
	GlobalSection(ExtensibilityGlobals) = postSolution
		SolutionGuid = {C83356F5-F2F7-4AAB-ABA0-37D8EE925853}
	EndGlobalSection
EndGlobal
